{
  "version": 4,
  "terraform_version": "1.3.6",
  "serial": 49,
  "lineage": "77f6f54d-74ae-cb24-572a-02d00dc7836a",
  "outputs": {},
  "resources": [
    {
      "mode": "managed",
      "type": "google_compute_firewall",
      "name": "firewall",
      "provider": "provider[\"registry.terraform.io/hashicorp/google\"]",
      "instances": [
        {
          "schema_version": 1,
          "attributes": {
            "allow": [
              {
                "ports": [
                  "22",
                  "80",
                  "443"
                ],
                "protocol": "tcp"
              }
            ],
            "creation_timestamp": "2023-02-21T13:49:05.257-08:00",
            "deny": [],
            "description": "",
            "destination_ranges": [],
            "direction": "INGRESS",
            "disabled": false,
            "enable_logging": null,
            "id": "projects/gentle-shell-371709/global/firewalls/sshhttps",
            "log_config": [],
            "name": "sshhttps",
            "network": "https://www.googleapis.com/compute/v1/projects/gentle-shell-371709/global/networks/default",
            "priority": 1000,
            "project": "gentle-shell-371709",
            "self_link": "https://www.googleapis.com/compute/v1/projects/gentle-shell-371709/global/firewalls/sshhttps",
            "source_ranges": [
              "0.0.0.0/0"
            ],
            "source_service_accounts": null,
            "source_tags": null,
            "target_service_accounts": null,
            "target_tags": [
              "externalssh"
            ],
            "timeouts": null
          },
          "sensitive_attributes": [],
          "private": "eyJlMmJmYjczMC1lY2FhLTExZTYtOGY4OC0zNDM2M2JjN2M0YzAiOnsiY3JlYXRlIjoxMjAwMDAwMDAwMDAwLCJkZWxldGUiOjEyMDAwMDAwMDAwMDAsInVwZGF0ZSI6MTIwMDAwMDAwMDAwMH0sInNjaGVtYV92ZXJzaW9uIjoiMSJ9"
        }
      ]
    },
    {
      "mode": "managed",
      "type": "google_compute_instance",
      "name": "K8S",
      "provider": "provider[\"registry.terraform.io/hashicorp/google\"]",
      "instances": [
        {
          "schema_version": 6,
          "attributes": {
            "advanced_machine_features": [],
            "allow_stopping_for_update": null,
            "attached_disk": [],
            "boot_disk": [
              {
                "auto_delete": true,
                "device_name": "persistent-disk-0",
                "disk_encryption_key_raw": "",
                "disk_encryption_key_sha256": "",
                "initialize_params": [
                  {
                    "image": "https://www.googleapis.com/compute/v1/projects/ubuntu-os-cloud/global/images/ubuntu-2004-focal-v20230213",
                    "labels": {},
                    "size": 35,
                    "type": "pd-standard"
                  }
                ],
                "kms_key_self_link": "",
                "mode": "READ_WRITE",
                "source": "https://www.googleapis.com/compute/v1/projects/gentle-shell-371709/zones/europe-west1-b/disks/k8swp"
              }
            ],
            "can_ip_forward": false,
            "confidential_instance_config": [],
            "cpu_platform": "Intel Haswell",
            "current_status": "RUNNING",
            "deletion_protection": false,
            "description": "",
            "desired_status": null,
            "enable_display": false,
            "guest_accelerator": [],
            "hostname": "",
            "id": "projects/gentle-shell-371709/zones/europe-west1-b/instances/k8swp",
            "instance_id": "784320980579812029",
            "label_fingerprint": "42WmSpB8rSM=",
            "labels": null,
            "machine_type": "custom-4-8192",
            "metadata": {
              "ssh-keys": "root:ssh-rsa AAAAB3NzaC1yc2EAAAADAQABAAABAQClhfJDDCm3ZwfW+kfkpCh9wx3e1y5EMCxLVBXc93AZ3BKQIuxmkMPCn/7xOa5g6ZR7vqe2V5CIL2qSAUtOrqnpCFd+EBM8ZSGwIDtJeIH2Jb+1fGspDtau2D9/sWGwmD4PcoKPckmmC3EIG1vqoLfoJrQ8TRJPL3GSHbj9zDHa3Oxd14dhTVVuPCbVzQXWQJEPauuXfuUiA5Sc50+eX4SvVq8yWcd6n99MXP0n6Drf4bMbyVT4DdzEJ9mnZcoLlgmZ/AqqQmHsnBSFpudzrTNDwlBApuiUOQsm3lOOQy0efhmrEFwKCu27PrrFwul8JKjjAC9iTR2iRQ7U2UQx2tnh root\n"
            },
            "metadata_fingerprint": "KO2zr3sP248=",
            "metadata_startup_script": null,
            "min_cpu_platform": "",
            "name": "k8swp",
            "network_interface": [
              {
                "access_config": [
                  {
                    "nat_ip": "34.78.119.102",
                    "network_tier": "PREMIUM",
                    "public_ptr_domain_name": ""
                  }
                ],
                "alias_ip_range": [],
                "ipv6_access_config": [],
                "ipv6_access_type": "",
                "name": "nic0",
                "network": "https://www.googleapis.com/compute/v1/projects/gentle-shell-371709/global/networks/default",
                "network_ip": "10.132.0.22",
                "nic_type": "",
                "queue_count": 0,
                "stack_type": "IPV4_ONLY",
                "subnetwork": "https://www.googleapis.com/compute/v1/projects/gentle-shell-371709/regions/europe-west1/subnetworks/default",
                "subnetwork_project": "gentle-shell-371709"
              }
            ],
            "project": "gentle-shell-371709",
            "reservation_affinity": [],
            "resource_policies": null,
            "scheduling": [
              {
                "automatic_restart": true,
                "instance_termination_action": "",
                "min_node_cpus": 0,
                "node_affinities": [],
                "on_host_maintenance": "MIGRATE",
                "preemptible": false,
                "provisioning_model": "STANDARD"
              }
            ],
            "scratch_disk": [],
            "self_link": "https://www.googleapis.com/compute/v1/projects/gentle-shell-371709/zones/europe-west1-b/instances/k8swp",
            "service_account": [],
            "shielded_instance_config": [
              {
                "enable_integrity_monitoring": true,
                "enable_secure_boot": false,
                "enable_vtpm": true
              }
            ],
            "tags": [
              "k8s"
            ],
            "tags_fingerprint": "3MfXgEAgskY=",
            "timeouts": null,
            "zone": "europe-west1-b"
          },
          "sensitive_attributes": [],
          "private": "eyJlMmJmYjczMC1lY2FhLTExZTYtOGY4OC0zNDM2M2JjN2M0YzAiOnsiY3JlYXRlIjoxMjAwMDAwMDAwMDAwLCJkZWxldGUiOjEyMDAwMDAwMDAwMDAsInVwZGF0ZSI6MTIwMDAwMDAwMDAwMH0sInNjaGVtYV92ZXJzaW9uIjoiNiJ9"
        }
      ]
    },
    {
      "mode": "managed",
      "type": "google_sql_database",
      "name": "mysqldb",
      "provider": "provider[\"registry.terraform.io/hashicorp/google\"]",
      "instances": [
        {
          "schema_version": 0,
          "attributes": {
            "charset": "utf8mb4",
            "collation": "utf8mb4_0900_ai_ci",
            "deletion_policy": "DELETE",
            "id": "projects/gentle-shell-371709/instances/sql-database-instance/databases/sql-database",
            "instance": "sql-database-instance",
            "name": "sql-database",
            "project": "gentle-shell-371709",
            "self_link": "https://sqladmin.googleapis.com/sql/v1beta4/projects/gentle-shell-371709/instances/sql-database-instance/databases/sql-database",
            "timeouts": null
          },
          "sensitive_attributes": [],
          "private": "eyJlMmJmYjczMC1lY2FhLTExZTYtOGY4OC0zNDM2M2JjN2M0YzAiOnsiY3JlYXRlIjoxMjAwMDAwMDAwMDAwLCJkZWxldGUiOjEyMDAwMDAwMDAwMDAsInVwZGF0ZSI6MTIwMDAwMDAwMDAwMH19",
          "dependencies": [
            "google_sql_database_instance.instance"
          ]
        }
      ]
    },
    {
      "mode": "managed",
      "type": "google_sql_database_instance",
      "name": "instance",
      "provider": "provider[\"registry.terraform.io/hashicorp/google\"]",
      "instances": [
        {
          "schema_version": 0,
          "attributes": {
            "available_maintenance_versions": [],
            "clone": [],
            "connection_name": "gentle-shell-371709:europe-west1:sql-database-instance",
            "database_version": "MYSQL_8_0",
            "deletion_protection": true,
            "encryption_key_name": null,
            "first_ip_address": "34.22.168.169",
            "id": "sql-database-instance",
            "instance_type": "CLOUD_SQL_INSTANCE",
            "ip_address": [
              {
                "ip_address": "34.22.168.169",
                "time_to_retire": "",
                "type": "PRIMARY"
              }
            ],
            "maintenance_version": "MYSQL_8_0_26.R20221108.00_08",
            "master_instance_name": "",
            "name": "sql-database-instance",
            "private_ip_address": "",
            "project": "gentle-shell-371709",
            "public_ip_address": "34.22.168.169",
            "region": "europe-west1",
            "replica_configuration": [],
            "restore_backup_context": [],
            "root_password": null,
            "self_link": "https://sqladmin.googleapis.com/sql/v1beta4/projects/gentle-shell-371709/instances/sql-database-instance",
            "server_ca_cert": [
              {
                "cert": "-----BEGIN CERTIFICATE-----\nMIIDfzCCAmegAwIBAgIBADANBgkqhkiG9w0BAQsFADB3MS0wKwYDVQQuEyQ2MzM0\nOTY4Ni1lNzFjLTQzNjEtODE5NC05MmQ4YWFhNGQ0OTkxIzAhBgNVBAMTGkdvb2ds\nZSBDbG91ZCBTUUwgU2VydmVyIENBMRQwEgYDVQQKEwtHb29nbGUsIEluYzELMAkG\nA1UEBhMCVVMwHhcNMjMwMjIxMjE0OTA5WhcNMzMwMjE4MjE1MDA5WjB3MS0wKwYD\nVQQuEyQ2MzM0OTY4Ni1lNzFjLTQzNjEtODE5NC05MmQ4YWFhNGQ0OTkxIzAhBgNV\nBAMTGkdvb2dsZSBDbG91ZCBTUUwgU2VydmVyIENBMRQwEgYDVQQKEwtHb29nbGUs\nIEluYzELMAkGA1UEBhMCVVMwggEiMA0GCSqGSIb3DQEBAQUAA4IBDwAwggEKAoIB\nAQDsTalXANN+fm4om8hlD93DBmZawP1uL2xA3AzshAQXDcfgKckcpq/5MMlUgt4Z\nlACAFaMgFcFk6kIXU5G5L0oheXW+BbWpFHrxRPgkcCpvU5SdoGcgabfX4abymOTy\nqklR/UqGKrlKLSnSQBCOxzVb7iYDZ9AnUyfibJr6RWIkzUCIpcjWzz3Qj/PJWdIC\nVO8l3HWXD/ciDkM/KllefMw6XmcIdNtjEd5pjdGrixAezmQsi4hgMxt4aCdiXH9b\nrWsKUq8ay0Q3OIwYaXpckXXAAuM33xWOp9thYvQXhvl9CsWKqSxvOt/IRb+vB7B5\ngn2dAP60Vm3nZXDSn6vXRXT3AgMBAAGjFjAUMBIGA1UdEwEB/wQIMAYBAf8CAQAw\nDQYJKoZIhvcNAQELBQADggEBAOl9GRs5hzegiI6wIilopMjWWhbkdZjkIl7hKP8k\nRU9Bl7gwjP8Cp+3uRXT/IW97XFyPWykZqqopjUfLIWn4iUdiTYcHwQLd3zCT0OS2\nUvwMnHurVbFguhABG6VIKSqrNQPkgdPeQNzfLmZ9cEAGkjZf4QXyd8q6DlgL910L\nkEfqerWJqkUvIAKkyqhat7C2p6sE0AprEqE1zY9GhDnS++n5gvxZ53Q9i52iN64Q\njIudDV8qGLJMg2sTxih2iyB+GdyrLGwwUwjjK1944CYzYR3nZ8MpHss1Zrr6ATN/\n62ScYP7MTPNCsYvMlp6qxQZLDhXk69OpyXWlUP4p95rs4gY=\n-----END CERTIFICATE-----",
                "common_name": "C=US,O=Google\\, Inc,CN=Google Cloud SQL Server CA,dnQualifier=63349686-e71c-4361-8194-92d8aaa4d499",
                "create_time": "2023-02-21T21:49:09.756Z",
                "expiration_time": "2033-02-18T21:50:09.756Z",
                "sha1_fingerprint": "cc08c200b6a83cce2ac6a3a8d35561af16cdb6ce"
              }
            ],
            "service_account_email_address": "p88903212641-407e8a@gcp-sa-cloud-sql.iam.gserviceaccount.com",
            "settings": [
              {
                "activation_policy": "ALWAYS",
                "active_directory_config": [],
                "availability_type": "ZONAL",
                "backup_configuration": [
                  {
                    "backup_retention_settings": [
                      {
                        "retained_backups": 7,
                        "retention_unit": "COUNT"
                      }
                    ],
                    "binary_log_enabled": false,
                    "enabled": false,
                    "location": "",
                    "point_in_time_recovery_enabled": false,
                    "start_time": "13:00",
                    "transaction_log_retention_days": 7
                  }
                ],
                "collation": "",
                "connector_enforcement": "NOT_REQUIRED",
                "database_flags": [],
                "deletion_protection_enabled": false,
                "deny_maintenance_period": [],
                "disk_autoresize": true,
                "disk_autoresize_limit": 0,
                "disk_size": 10,
                "disk_type": "PD_SSD",
                "insights_config": [],
                "ip_configuration": [
                  {
                    "allocated_ip_range": "",
                    "authorized_networks": [],
                    "enable_private_path_for_google_cloud_services": false,
                    "ipv4_enabled": true,
                    "private_network": "",
                    "require_ssl": false
                  }
                ],
                "location_preference": [
                  {
                    "follow_gae_application": "",
                    "secondary_zone": "",
                    "zone": "europe-west1-b"
                  }
                ],
                "maintenance_window": [],
                "password_validation_policy": [],
                "pricing_plan": "PER_USE",
                "sql_server_audit_config": [],
                "tier": "db-f1-micro",
                "time_zone": "",
                "user_labels": {},
                "version": 1
              }
            ],
            "timeouts": null
          },
          "sensitive_attributes": [],
          "private": "eyJlMmJmYjczMC1lY2FhLTExZTYtOGY4OC0zNDM2M2JjN2M0YzAiOnsiY3JlYXRlIjoyNDAwMDAwMDAwMDAwLCJkZWxldGUiOjE4MDAwMDAwMDAwMDAsInVwZGF0ZSI6MTgwMDAwMDAwMDAwMH19"
        }
      ]
    }
  ],
  "check_results": null
}
