{
  "version": 4,
  "terraform_version": "1.3.6",
  "serial": 37,
  "lineage": "77f6f54d-74ae-cb24-572a-02d00dc7836a",
  "outputs": {},
  "resources": [
    {
      "mode": "managed",
      "type": "google_compute_firewall",
      "name": "firewall",
      "provider": "provider[\"registry.terraform.io/hashicorp/google\"]",
      "instances": [
        {
          "schema_version": 1,
          "attributes": {
            "allow": [
              {
                "ports": [
                  "22"
                ],
                "protocol": "tcp"
              }
            ],
            "creation_timestamp": "2023-02-19T01:44:25.849-08:00",
            "deny": [],
            "description": "",
            "destination_ranges": [],
            "direction": "INGRESS",
            "disabled": false,
            "enable_logging": null,
            "id": "projects/gentle-shell-371709/global/firewalls/gritfy-firewall-externalssh",
            "log_config": [],
            "name": "gritfy-firewall-externalssh",
            "network": "https://www.googleapis.com/compute/v1/projects/gentle-shell-371709/global/networks/default",
            "priority": 1000,
            "project": "gentle-shell-371709",
            "self_link": "https://www.googleapis.com/compute/v1/projects/gentle-shell-371709/global/firewalls/gritfy-firewall-externalssh",
            "source_ranges": [
              "0.0.0.0/0"
            ],
            "source_service_accounts": null,
            "source_tags": null,
            "target_service_accounts": null,
            "target_tags": [
              "externalssh"
            ],
            "timeouts": null
          },
          "sensitive_attributes": [],
          "private": "eyJlMmJmYjczMC1lY2FhLTExZTYtOGY4OC0zNDM2M2JjN2M0YzAiOnsiY3JlYXRlIjoxMjAwMDAwMDAwMDAwLCJkZWxldGUiOjEyMDAwMDAwMDAwMDAsInVwZGF0ZSI6MTIwMDAwMDAwMDAwMH0sInNjaGVtYV92ZXJzaW9uIjoiMSJ9"
        }
      ]
    },
    {
      "mode": "managed",
      "type": "google_compute_firewall",
      "name": "webserverrule",
      "provider": "provider[\"registry.terraform.io/hashicorp/google\"]",
      "instances": [
        {
          "schema_version": 1,
          "attributes": {
            "allow": [
              {
                "ports": [
                  "80",
                  "443"
                ],
                "protocol": "tcp"
              }
            ],
            "creation_timestamp": "2023-02-19T01:44:26.252-08:00",
            "deny": [],
            "description": "",
            "destination_ranges": [],
            "direction": "INGRESS",
            "disabled": false,
            "enable_logging": null,
            "id": "projects/gentle-shell-371709/global/firewalls/gritfy-webserver",
            "log_config": [],
            "name": "gritfy-webserver",
            "network": "https://www.googleapis.com/compute/v1/projects/gentle-shell-371709/global/networks/default",
            "priority": 1000,
            "project": "gentle-shell-371709",
            "self_link": "https://www.googleapis.com/compute/v1/projects/gentle-shell-371709/global/firewalls/gritfy-webserver",
            "source_ranges": [
              "0.0.0.0/0"
            ],
            "source_service_accounts": null,
            "source_tags": null,
            "target_service_accounts": null,
            "target_tags": [
              "webserver"
            ],
            "timeouts": null
          },
          "sensitive_attributes": [],
          "private": "eyJlMmJmYjczMC1lY2FhLTExZTYtOGY4OC0zNDM2M2JjN2M0YzAiOnsiY3JlYXRlIjoxMjAwMDAwMDAwMDAwLCJkZWxldGUiOjEyMDAwMDAwMDAwMDAsInVwZGF0ZSI6MTIwMDAwMDAwMDAwMH0sInNjaGVtYV92ZXJzaW9uIjoiMSJ9"
        }
      ]
    },
    {
      "mode": "managed",
      "type": "google_compute_instance",
      "name": "K8S",
      "provider": "provider[\"registry.terraform.io/hashicorp/google\"]",
      "instances": [
        {
          "schema_version": 6,
          "attributes": {
            "advanced_machine_features": [],
            "allow_stopping_for_update": null,
            "attached_disk": [],
            "boot_disk": [
              {
                "auto_delete": true,
                "device_name": "persistent-disk-0",
                "disk_encryption_key_raw": "",
                "disk_encryption_key_sha256": "",
                "initialize_params": [
                  {
                    "image": "https://www.googleapis.com/compute/v1/projects/ubuntu-os-cloud/global/images/ubuntu-2004-focal-v20230213",
                    "labels": {},
                    "size": 35,
                    "type": "pd-standard"
                  }
                ],
                "kms_key_self_link": "",
                "mode": "READ_WRITE",
                "source": "https://www.googleapis.com/compute/v1/projects/gentle-shell-371709/zones/europe-west1-b/disks/k8swp"
              }
            ],
            "can_ip_forward": false,
            "confidential_instance_config": [],
            "cpu_platform": "Intel Haswell",
            "current_status": "RUNNING",
            "deletion_protection": false,
            "description": "",
            "desired_status": null,
            "enable_display": false,
            "guest_accelerator": [],
            "hostname": "",
            "id": "projects/gentle-shell-371709/zones/europe-west1-b/instances/k8swp",
            "instance_id": "2645903877049438612",
            "label_fingerprint": "42WmSpB8rSM=",
            "labels": null,
            "machine_type": "custom-4-8192",
            "metadata": {
              "ssh-keys": "root:ssh-rsa AAAAB3NzaC1yc2EAAAADAQABAAABAQClhfJDDCm3ZwfW+kfkpCh9wx3e1y5EMCxLVBXc93AZ3BKQIuxmkMPCn/7xOa5g6ZR7vqe2V5CIL2qSAUtOrqnpCFd+EBM8ZSGwIDtJeIH2Jb+1fGspDtau2D9/sWGwmD4PcoKPckmmC3EIG1vqoLfoJrQ8TRJPL3GSHbj9zDHa3Oxd14dhTVVuPCbVzQXWQJEPauuXfuUiA5Sc50+eX4SvVq8yWcd6n99MXP0n6Drf4bMbyVT4DdzEJ9mnZcoLlgmZ/AqqQmHsnBSFpudzrTNDwlBApuiUOQsm3lOOQy0efhmrEFwKCu27PrrFwul8JKjjAC9iTR2iRQ7U2UQx2tnh root\n"
            },
            "metadata_fingerprint": "KO2zr3sP248=",
            "metadata_startup_script": null,
            "min_cpu_platform": "",
            "name": "k8swp",
            "network_interface": [
              {
                "access_config": [
                  {
                    "nat_ip": "35.205.114.79",
                    "network_tier": "PREMIUM",
                    "public_ptr_domain_name": ""
                  }
                ],
                "alias_ip_range": [],
                "ipv6_access_config": [],
                "ipv6_access_type": "",
                "name": "nic0",
                "network": "https://www.googleapis.com/compute/v1/projects/gentle-shell-371709/global/networks/default",
                "network_ip": "10.132.0.21",
                "nic_type": "",
                "queue_count": 0,
                "stack_type": "IPV4_ONLY",
                "subnetwork": "https://www.googleapis.com/compute/v1/projects/gentle-shell-371709/regions/europe-west1/subnetworks/default",
                "subnetwork_project": "gentle-shell-371709"
              }
            ],
            "project": "gentle-shell-371709",
            "reservation_affinity": [],
            "resource_policies": null,
            "scheduling": [
              {
                "automatic_restart": true,
                "instance_termination_action": "",
                "min_node_cpus": 0,
                "node_affinities": [],
                "on_host_maintenance": "MIGRATE",
                "preemptible": false,
                "provisioning_model": "STANDARD"
              }
            ],
            "scratch_disk": [],
            "self_link": "https://www.googleapis.com/compute/v1/projects/gentle-shell-371709/zones/europe-west1-b/instances/k8swp",
            "service_account": [],
            "shielded_instance_config": [
              {
                "enable_integrity_monitoring": true,
                "enable_secure_boot": false,
                "enable_vtpm": true
              }
            ],
            "tags": [
              "k8s"
            ],
            "tags_fingerprint": "3MfXgEAgskY=",
            "timeouts": null,
            "zone": "europe-west1-b"
          },
          "sensitive_attributes": [],
          "private": "eyJlMmJmYjczMC1lY2FhLTExZTYtOGY4OC0zNDM2M2JjN2M0YzAiOnsiY3JlYXRlIjoxMjAwMDAwMDAwMDAwLCJkZWxldGUiOjEyMDAwMDAwMDAwMDAsInVwZGF0ZSI6MTIwMDAwMDAwMDAwMH0sInNjaGVtYV92ZXJzaW9uIjoiNiJ9"
        }
      ]
    },
    {
      "mode": "managed",
      "type": "google_sql_database",
      "name": "mysqldb",
      "provider": "provider[\"registry.terraform.io/hashicorp/google\"]",
      "instances": [
        {
          "schema_version": 0,
          "attributes": {
            "charset": "utf8mb4",
            "collation": "utf8mb4_0900_ai_ci",
            "deletion_policy": "DELETE",
            "id": "projects/gentle-shell-371709/instances/sql-database-instance/databases/sql-database",
            "instance": "sql-database-instance",
            "name": "sql-database",
            "project": "gentle-shell-371709",
            "self_link": "https://sqladmin.googleapis.com/sql/v1beta4/projects/gentle-shell-371709/instances/sql-database-instance/databases/sql-database",
            "timeouts": null
          },
          "sensitive_attributes": [],
          "private": "eyJlMmJmYjczMC1lY2FhLTExZTYtOGY4OC0zNDM2M2JjN2M0YzAiOnsiY3JlYXRlIjoxMjAwMDAwMDAwMDAwLCJkZWxldGUiOjEyMDAwMDAwMDAwMDAsInVwZGF0ZSI6MTIwMDAwMDAwMDAwMH19",
          "dependencies": [
            "google_sql_database_instance.instance"
          ]
        }
      ]
    },
    {
      "mode": "managed",
      "type": "google_sql_database_instance",
      "name": "instance",
      "provider": "provider[\"registry.terraform.io/hashicorp/google\"]",
      "instances": [
        {
          "schema_version": 0,
          "attributes": {
            "available_maintenance_versions": [
              "MYSQL_8_0_26.R20221108.00_08"
            ],
            "clone": [],
            "connection_name": "gentle-shell-371709:europe-west1:sql-database-instance",
            "database_version": "MYSQL_8_0",
            "deletion_protection": true,
            "encryption_key_name": null,
            "first_ip_address": "130.211.81.147",
            "id": "sql-database-instance",
            "instance_type": "CLOUD_SQL_INSTANCE",
            "ip_address": [
              {
                "ip_address": "130.211.81.147",
                "time_to_retire": "",
                "type": "PRIMARY"
              }
            ],
            "maintenance_version": "MYSQL_8_0_26.R20221108.00_03",
            "master_instance_name": "",
            "name": "sql-database-instance",
            "private_ip_address": "",
            "project": "gentle-shell-371709",
            "public_ip_address": "130.211.81.147",
            "region": "europe-west1",
            "replica_configuration": [],
            "restore_backup_context": [],
            "root_password": null,
            "self_link": "https://sqladmin.googleapis.com/sql/v1beta4/projects/gentle-shell-371709/instances/sql-database-instance",
            "server_ca_cert": [
              {
                "cert": "-----BEGIN CERTIFICATE-----\nMIIDfzCCAmegAwIBAgIBADANBgkqhkiG9w0BAQsFADB3MS0wKwYDVQQuEyRhZjc1\nYjQ0Yy04ZWFkLTRmYzgtYTMyNy0wZmZiNjcwMDc2ZjkxIzAhBgNVBAMTGkdvb2ds\nZSBDbG91ZCBTUUwgU2VydmVyIENBMRQwEgYDVQQKEwtHb29nbGUsIEluYzELMAkG\nA1UEBhMCVVMwHhcNMjMwMjE5MDk0NDI0WhcNMzMwMjE2MDk0NTI0WjB3MS0wKwYD\nVQQuEyRhZjc1YjQ0Yy04ZWFkLTRmYzgtYTMyNy0wZmZiNjcwMDc2ZjkxIzAhBgNV\nBAMTGkdvb2dsZSBDbG91ZCBTUUwgU2VydmVyIENBMRQwEgYDVQQKEwtHb29nbGUs\nIEluYzELMAkGA1UEBhMCVVMwggEiMA0GCSqGSIb3DQEBAQUAA4IBDwAwggEKAoIB\nAQDR9qYVwBxb3Z/CioLGfMQSRRqMJek2Owqqk2yWBbpbGc+C01WZ6YgmEzc37f6N\nANkkCCEMwMEM+3ShLp4+7spCqFPxIVqxk81pmXVC+JXgkt7v2ykNqc6HAbHIG/PW\n/kStRcazHd0ru8IJIVvwzGomyEkEhFiEJ9G0PaZLnagDxLujQ8ggK4pQCdZWm5rU\n8TmRlkhKrXdXFwaSMjHO/Dmmn/FBtvzHKyybxG1XpbrcVsaGKoYZCpT7zKed3/Ly\nGcLYHQVJCEx0H9wz3p+D0cXGbLbYbWZD8grMa0Lm/AwSaRxBrVszVknebJ7/sWVU\nvNBSboknYMCHMrAvYfGoan87AgMBAAGjFjAUMBIGA1UdEwEB/wQIMAYBAf8CAQAw\nDQYJKoZIhvcNAQELBQADggEBABZOTBL2mSXUJwv8mAO14p8dR8zx3BuhUaCVnt8E\n7uJBbCFnK4FpHYJrRcVBR52vO2Sy7pRl4tt2entqf3AKlRpznxZ/j+1jmVd/mQq/\naqOMPVT4fAfJMZfq/z0Nv3Au+mybx1H9FG9dcbRitUSGL+N522l+DcUoaZ0IlvK+\n9YYoD8Ha5erVe+DUzKAiN6OOebVzA6p3D3LmaIRYv34YkRBwSUX2/aA4hRIEm0Dk\nqmQpQcmftgSbMOmnJ3eLaBAyKABAy3L8D5A8PdVjDUV3B/tCQCL0+Ppr9e8YN5l6\nnE5mmpJCuN1doh9SlA6hC8W1+kICGj451Dyz3AdnOUBtBbY=\n-----END CERTIFICATE-----",
                "common_name": "C=US,O=Google\\, Inc,CN=Google Cloud SQL Server CA,dnQualifier=af75b44c-8ead-4fc8-a327-0ffb670076f9",
                "create_time": "2023-02-19T09:44:24.360Z",
                "expiration_time": "2033-02-16T09:45:24.360Z",
                "sha1_fingerprint": "74f7946f964143e88c73f4681b21bfac321e06b8"
              }
            ],
            "service_account_email_address": "p88903212641-g1j6yt@gcp-sa-cloud-sql.iam.gserviceaccount.com",
            "settings": [
              {
                "activation_policy": "ALWAYS",
                "active_directory_config": [],
                "availability_type": "ZONAL",
                "backup_configuration": [
                  {
                    "backup_retention_settings": [
                      {
                        "retained_backups": 7,
                        "retention_unit": "COUNT"
                      }
                    ],
                    "binary_log_enabled": false,
                    "enabled": false,
                    "location": "",
                    "point_in_time_recovery_enabled": false,
                    "start_time": "01:00",
                    "transaction_log_retention_days": 7
                  }
                ],
                "collation": "",
                "connector_enforcement": "NOT_REQUIRED",
                "database_flags": [],
                "deletion_protection_enabled": false,
                "deny_maintenance_period": [],
                "disk_autoresize": true,
                "disk_autoresize_limit": 0,
                "disk_size": 10,
                "disk_type": "PD_SSD",
                "insights_config": [],
                "ip_configuration": [
                  {
                    "allocated_ip_range": "",
                    "authorized_networks": [],
                    "enable_private_path_for_google_cloud_services": false,
                    "ipv4_enabled": true,
                    "private_network": "",
                    "require_ssl": false
                  }
                ],
                "location_preference": [
                  {
                    "follow_gae_application": "",
                    "secondary_zone": "",
                    "zone": "europe-west1-d"
                  }
                ],
                "maintenance_window": [],
                "password_validation_policy": [],
                "pricing_plan": "PER_USE",
                "sql_server_audit_config": [],
                "tier": "db-f1-micro",
                "time_zone": "",
                "user_labels": {},
                "version": 1
              }
            ],
            "timeouts": null
          },
          "sensitive_attributes": [],
          "private": "eyJlMmJmYjczMC1lY2FhLTExZTYtOGY4OC0zNDM2M2JjN2M0YzAiOnsiY3JlYXRlIjoyNDAwMDAwMDAwMDAwLCJkZWxldGUiOjE4MDAwMDAwMDAwMDAsInVwZGF0ZSI6MTgwMDAwMDAwMDAwMH19"
        }
      ]
    }
  ],
  "check_results": null
}
