{
  "version": 4,
  "terraform_version": "1.3.6",
  "serial": 67,
  "lineage": "77f6f54d-74ae-cb24-572a-02d00dc7836a",
  "outputs": {},
  "resources": [
    {
      "mode": "managed",
      "type": "google_compute_firewall",
      "name": "firewall",
      "provider": "provider[\"registry.terraform.io/hashicorp/google\"]",
      "instances": [
        {
          "schema_version": 1,
          "attributes": {
            "allow": [
              {
                "ports": [
                  "22",
                  "80",
                  "443"
                ],
                "protocol": "tcp"
              }
            ],
            "creation_timestamp": "2023-02-21T13:49:05.257-08:00",
            "deny": [],
            "description": "",
            "destination_ranges": [],
            "direction": "INGRESS",
            "disabled": false,
            "enable_logging": null,
            "id": "projects/gentle-shell-371709/global/firewalls/sshhttps",
            "log_config": [],
            "name": "sshhttps",
            "network": "https://www.googleapis.com/compute/v1/projects/gentle-shell-371709/global/networks/default",
            "priority": 1000,
            "project": "gentle-shell-371709",
            "self_link": "https://www.googleapis.com/compute/v1/projects/gentle-shell-371709/global/firewalls/sshhttps",
            "source_ranges": [
              "0.0.0.0/0"
            ],
            "source_service_accounts": [],
            "source_tags": [],
            "target_service_accounts": [],
            "target_tags": [
              "k8s"
            ],
            "timeouts": null
          },
          "sensitive_attributes": [],
          "private": "eyJlMmJmYjczMC1lY2FhLTExZTYtOGY4OC0zNDM2M2JjN2M0YzAiOnsiY3JlYXRlIjoxMjAwMDAwMDAwMDAwLCJkZWxldGUiOjEyMDAwMDAwMDAwMDAsInVwZGF0ZSI6MTIwMDAwMDAwMDAwMH0sInNjaGVtYV92ZXJzaW9uIjoiMSJ9"
        }
      ]
    },
    {
      "mode": "managed",
      "type": "google_compute_instance",
      "name": "K8S",
      "provider": "provider[\"registry.terraform.io/hashicorp/google\"]",
      "instances": [
        {
          "schema_version": 6,
          "attributes": {
            "advanced_machine_features": [],
            "allow_stopping_for_update": null,
            "attached_disk": [],
            "boot_disk": [
              {
                "auto_delete": true,
                "device_name": "persistent-disk-0",
                "disk_encryption_key_raw": "",
                "disk_encryption_key_sha256": "",
                "initialize_params": [
                  {
                    "image": "https://www.googleapis.com/compute/v1/projects/ubuntu-os-cloud/global/images/ubuntu-2004-focal-v20230213",
                    "labels": {},
                    "size": 35,
                    "type": "pd-standard"
                  }
                ],
                "kms_key_self_link": "",
                "mode": "READ_WRITE",
                "source": "https://www.googleapis.com/compute/v1/projects/gentle-shell-371709/zones/europe-west1-b/disks/k8swp"
              }
            ],
            "can_ip_forward": false,
            "confidential_instance_config": [],
            "cpu_platform": "Intel Haswell",
            "current_status": "RUNNING",
            "deletion_protection": false,
            "description": "",
            "desired_status": null,
            "enable_display": false,
            "guest_accelerator": [],
            "hostname": "",
            "id": "projects/gentle-shell-371709/zones/europe-west1-b/instances/k8swp",
            "instance_id": "2411468043589409189",
            "label_fingerprint": "42WmSpB8rSM=",
            "labels": null,
            "machine_type": "custom-4-8192",
            "metadata": {
              "ssh-keys": "root:ssh-rsa AAAAB3NzaC1yc2EAAAADAQABAAABAQClhfJDDCm3ZwfW+kfkpCh9wx3e1y5EMCxLVBXc93AZ3BKQIuxmkMPCn/7xOa5g6ZR7vqe2V5CIL2qSAUtOrqnpCFd+EBM8ZSGwIDtJeIH2Jb+1fGspDtau2D9/sWGwmD4PcoKPckmmC3EIG1vqoLfoJrQ8TRJPL3GSHbj9zDHa3Oxd14dhTVVuPCbVzQXWQJEPauuXfuUiA5Sc50+eX4SvVq8yWcd6n99MXP0n6Drf4bMbyVT4DdzEJ9mnZcoLlgmZ/AqqQmHsnBSFpudzrTNDwlBApuiUOQsm3lOOQy0efhmrEFwKCu27PrrFwul8JKjjAC9iTR2iRQ7U2UQx2tnh root\n"
            },
            "metadata_fingerprint": "KO2zr3sP248=",
            "metadata_startup_script": null,
            "min_cpu_platform": "",
            "name": "k8swp",
            "network_interface": [
              {
                "access_config": [
                  {
                    "nat_ip": "104.155.123.157",
                    "network_tier": "PREMIUM",
                    "public_ptr_domain_name": ""
                  }
                ],
                "alias_ip_range": [],
                "ipv6_access_config": [],
                "ipv6_access_type": "",
                "name": "nic0",
                "network": "https://www.googleapis.com/compute/v1/projects/gentle-shell-371709/global/networks/default",
                "network_ip": "10.132.0.27",
                "nic_type": "",
                "queue_count": 0,
                "stack_type": "IPV4_ONLY",
                "subnetwork": "https://www.googleapis.com/compute/v1/projects/gentle-shell-371709/regions/europe-west1/subnetworks/default",
                "subnetwork_project": "gentle-shell-371709"
              }
            ],
            "project": "gentle-shell-371709",
            "reservation_affinity": [],
            "resource_policies": null,
            "scheduling": [
              {
                "automatic_restart": true,
                "instance_termination_action": "",
                "min_node_cpus": 0,
                "node_affinities": [],
                "on_host_maintenance": "MIGRATE",
                "preemptible": false,
                "provisioning_model": "STANDARD"
              }
            ],
            "scratch_disk": [],
            "self_link": "https://www.googleapis.com/compute/v1/projects/gentle-shell-371709/zones/europe-west1-b/instances/k8swp",
            "service_account": [],
            "shielded_instance_config": [
              {
                "enable_integrity_monitoring": true,
                "enable_secure_boot": false,
                "enable_vtpm": true
              }
            ],
            "tags": [
              "k8s"
            ],
            "tags_fingerprint": "3MfXgEAgskY=",
            "timeouts": null,
            "zone": "europe-west1-b"
          },
          "sensitive_attributes": [],
          "private": "eyJlMmJmYjczMC1lY2FhLTExZTYtOGY4OC0zNDM2M2JjN2M0YzAiOnsiY3JlYXRlIjoxMjAwMDAwMDAwMDAwLCJkZWxldGUiOjEyMDAwMDAwMDAwMDAsInVwZGF0ZSI6MTIwMDAwMDAwMDAwMH0sInNjaGVtYV92ZXJzaW9uIjoiNiJ9"
        }
      ]
    },
    {
      "mode": "managed",
      "type": "google_sql_database",
      "name": "database",
      "provider": "provider[\"registry.terraform.io/hashicorp/google\"]",
      "instances": [
        {
          "schema_version": 0,
          "attributes": {
            "charset": "utf8",
            "collation": "utf8_general_ci",
            "deletion_policy": "DELETE",
            "id": "projects/gentle-shell-371709/instances/my-database-instance/databases/wpdb",
            "instance": "my-database-instance",
            "name": "wpdb",
            "project": "gentle-shell-371709",
            "self_link": "https://sqladmin.googleapis.com/sql/v1beta4/projects/gentle-shell-371709/instances/my-database-instance/databases/wpdb",
            "timeouts": null
          },
          "sensitive_attributes": [],
          "private": "eyJlMmJmYjczMC1lY2FhLTExZTYtOGY4OC0zNDM2M2JjN2M0YzAiOnsiY3JlYXRlIjoxMjAwMDAwMDAwMDAwLCJkZWxldGUiOjEyMDAwMDAwMDAwMDAsInVwZGF0ZSI6MTIwMDAwMDAwMDAwMH19",
          "dependencies": [
            "google_sql_database_instance.instance"
          ]
        }
      ]
    },
    {
      "mode": "managed",
      "type": "google_sql_database_instance",
      "name": "instance",
      "provider": "provider[\"registry.terraform.io/hashicorp/google\"]",
      "instances": [
        {
          "schema_version": 0,
          "attributes": {
            "available_maintenance_versions": [],
            "clone": [],
            "connection_name": "gentle-shell-371709:europe-west1:my-database-instance",
            "database_version": "MYSQL_8_0",
            "deletion_protection": true,
            "encryption_key_name": null,
            "first_ip_address": "35.195.154.212",
            "id": "my-database-instance",
            "instance_type": "CLOUD_SQL_INSTANCE",
            "ip_address": [
              {
                "ip_address": "35.195.154.212",
                "time_to_retire": "",
                "type": "PRIMARY"
              }
            ],
            "maintenance_version": "MYSQL_8_0_26.R20221108.00_08",
            "master_instance_name": "",
            "name": "my-database-instance",
            "private_ip_address": "",
            "project": "gentle-shell-371709",
            "public_ip_address": "35.195.154.212",
            "region": "europe-west1",
            "replica_configuration": [],
            "restore_backup_context": [],
            "root_password": null,
            "self_link": "https://sqladmin.googleapis.com/sql/v1beta4/projects/gentle-shell-371709/instances/my-database-instance",
            "server_ca_cert": [
              {
                "cert": "-----BEGIN CERTIFICATE-----\nMIIDfzCCAmegAwIBAgIBADANBgkqhkiG9w0BAQsFADB3MS0wKwYDVQQuEyQ1Zjc0\nMzVmYS0zMjQ5LTRkOGQtOGNlNS02Y2E4NDU3YTRhNTIxIzAhBgNVBAMTGkdvb2ds\nZSBDbG91ZCBTUUwgU2VydmVyIENBMRQwEgYDVQQKEwtHb29nbGUsIEluYzELMAkG\nA1UEBhMCVVMwHhcNMjMwMjIyMjAyNzAyWhcNMzMwMjE5MjAyODAyWjB3MS0wKwYD\nVQQuEyQ1Zjc0MzVmYS0zMjQ5LTRkOGQtOGNlNS02Y2E4NDU3YTRhNTIxIzAhBgNV\nBAMTGkdvb2dsZSBDbG91ZCBTUUwgU2VydmVyIENBMRQwEgYDVQQKEwtHb29nbGUs\nIEluYzELMAkGA1UEBhMCVVMwggEiMA0GCSqGSIb3DQEBAQUAA4IBDwAwggEKAoIB\nAQC07k/ooQMTUhoygtCDyrTRsUQHe3fqF5YuNK58dffhbBIZBmKKHzGeM0GXfKh6\noMZzxEMrpDzcLCEByXWBfzi3nfhuJ9qofJ6cgpfmHs0YKxxhDDK7lGONqDigHPsJ\nzjryL5YODHsyEgaCZlRZgaMqVvky8GeTgWk7oZdQ8PYcfgfHz/vg+mSPbmTsXy/x\nq6ZQCBcw1Gm4lDKlzh60xm5Fu+TqpEtV9lPqXvStshokMVUC91M9hs/S/MGlEZnA\nyu0d1hwxjPsBEaZOTb+CAyFCSl7XQD0EdTo9uDKlqYB6yy0QoHonaGsm6YnySw2J\n1aqlERs67S9NjHzbd96dFQrRAgMBAAGjFjAUMBIGA1UdEwEB/wQIMAYBAf8CAQAw\nDQYJKoZIhvcNAQELBQADggEBAAo7vnPL5+zvPUV77x1h4Io0SOryrdGcvwHz6RSB\nfYlmEvK97VCi5vStaYNHZrsH7JpKBEWcPFUPEy6QjsqMQhABFpU134CqH9FdZTjb\nVipKa5FWXZJB5EJPwoPoKfA1lZ157kMeNab88NCINx8gwNPjUngMHSKJEl8zYL50\nyDgMoVFQjcFPZ6brpk1qmVp0pPoxOuLAuguQulvFdLSBLtxoUKg04LA0XUQ8nJqQ\nYvazVHrSBKEH6VNhexdtalfO1O7jTqUutDzS92lcq88EfYTC8vNRk6c+BWbBRwvM\nSAroOEqI0L/9g9EizNnmdLMtnzfBdW8hplOVCDoDtlrPQKw=\n-----END CERTIFICATE-----",
                "common_name": "C=US,O=Google\\, Inc,CN=Google Cloud SQL Server CA,dnQualifier=5f7435fa-3249-4d8d-8ce5-6ca8457a4a52",
                "create_time": "2023-02-22T20:27:02.340Z",
                "expiration_time": "2033-02-19T20:28:02.340Z",
                "sha1_fingerprint": "c2f457aae4201fa47214726d50dfe006aea3a2e1"
              }
            ],
            "service_account_email_address": "p88903212641-5blso4@gcp-sa-cloud-sql.iam.gserviceaccount.com",
            "settings": [
              {
                "activation_policy": "ALWAYS",
                "active_directory_config": [],
                "availability_type": "ZONAL",
                "backup_configuration": [
                  {
                    "backup_retention_settings": [
                      {
                        "retained_backups": 7,
                        "retention_unit": "COUNT"
                      }
                    ],
                    "binary_log_enabled": false,
                    "enabled": false,
                    "location": "",
                    "point_in_time_recovery_enabled": false,
                    "start_time": "23:00",
                    "transaction_log_retention_days": 7
                  }
                ],
                "collation": "",
                "connector_enforcement": "NOT_REQUIRED",
                "database_flags": [],
                "deletion_protection_enabled": false,
                "deny_maintenance_period": [],
                "disk_autoresize": true,
                "disk_autoresize_limit": 0,
                "disk_size": 10,
                "disk_type": "PD_SSD",
                "insights_config": [],
                "ip_configuration": [
                  {
                    "allocated_ip_range": "",
                    "authorized_networks": [
                      {
                        "expiration_time": "",
                        "name": "GCP",
                        "value": "34.78.207.115"
                      },
                      {
                        "expiration_time": "",
                        "name": "gcp",
                        "value": "34.78.207.115"
                      },
                      {
                        "expiration_time": "",
                        "name": "sql connect at time 2023-02-22 21:52:37.618369+00:00",
                        "value": "34.91.92.79"
                      }
                    ],
                    "enable_private_path_for_google_cloud_services": false,
                    "ipv4_enabled": true,
                    "private_network": "",
                    "require_ssl": false
                  }
                ],
                "location_preference": [
                  {
                    "follow_gae_application": "",
                    "secondary_zone": "",
                    "zone": "europe-west1-b"
                  }
                ],
                "maintenance_window": [],
                "password_validation_policy": [],
                "pricing_plan": "PER_USE",
                "sql_server_audit_config": [],
                "tier": "db-f1-micro",
                "time_zone": "",
                "user_labels": {},
                "version": 6
              }
            ],
            "timeouts": null
          },
          "sensitive_attributes": [],
          "private": "eyJlMmJmYjczMC1lY2FhLTExZTYtOGY4OC0zNDM2M2JjN2M0YzAiOnsiY3JlYXRlIjoyNDAwMDAwMDAwMDAwLCJkZWxldGUiOjE4MDAwMDAwMDAwMDAsInVwZGF0ZSI6MTgwMDAwMDAwMDAwMH19"
        }
      ]
    },
    {
      "mode": "managed",
      "type": "google_sql_user",
      "name": "users",
      "provider": "provider[\"registry.terraform.io/hashicorp/google\"]",
      "instances": [
        {
          "schema_version": 1,
          "attributes": {
            "deletion_policy": null,
            "host": "%",
            "id": "wpuser/%/my-database-instance",
            "instance": "my-database-instance",
            "name": "wpuser",
            "password": "wppass",
            "password_policy": [],
            "project": "gentle-shell-371709",
            "sql_server_user_details": [],
            "timeouts": null,
            "type": ""
          },
          "sensitive_attributes": [],
          "private": "eyJlMmJmYjczMC1lY2FhLTExZTYtOGY4OC0zNDM2M2JjN2M0YzAiOnsiY3JlYXRlIjo2MDAwMDAwMDAwMDAsImRlbGV0ZSI6NjAwMDAwMDAwMDAwLCJ1cGRhdGUiOjYwMDAwMDAwMDAwMH0sInNjaGVtYV92ZXJzaW9uIjoiMSJ9",
          "dependencies": [
            "google_sql_database_instance.instance"
          ]
        }
      ]
    }
  ],
  "check_results": null
}
