{
  "version": 4,
  "terraform_version": "1.3.6",
  "serial": 31,
  "lineage": "77f6f54d-74ae-cb24-572a-02d00dc7836a",
  "outputs": {},
  "resources": [
    {
      "mode": "managed",
      "type": "google_sql_database_instance",
      "name": "instance",
      "provider": "provider[\"registry.terraform.io/hashicorp/google\"]",
      "instances": [
        {
          "schema_version": 0,
          "attributes": {
            "available_maintenance_versions": [],
            "clone": [],
            "connection_name": "gentle-shell-371709:europe-west1:sql-database-instance",
            "database_version": "MYSQL_8_0",
            "deletion_protection": true,
            "encryption_key_name": null,
            "first_ip_address": "34.22.182.69",
            "id": "sql-database-instance",
            "instance_type": "CLOUD_SQL_INSTANCE",
            "ip_address": [
              {
                "ip_address": "34.22.182.69",
                "time_to_retire": "",
                "type": "PRIMARY"
              }
            ],
            "maintenance_version": "MYSQL_8_0_26.R20221108.00_03",
            "master_instance_name": "",
            "name": "sql-database-instance",
            "private_ip_address": "",
            "project": "gentle-shell-371709",
            "public_ip_address": "34.22.182.69",
            "region": "europe-west1",
            "replica_configuration": [],
            "restore_backup_context": [],
            "root_password": null,
            "self_link": "https://sqladmin.googleapis.com/sql/v1beta4/projects/gentle-shell-371709/instances/sql-database-instance",
            "server_ca_cert": [
              {
                "cert": "-----BEGIN CERTIFICATE-----\nMIIDfzCCAmegAwIBAgIBADANBgkqhkiG9w0BAQsFADB3MS0wKwYDVQQuEyQzYzVk\nNTIyMi0yOGI4LTRhOWEtOWVhMS1kMDI3YTliYTQyMjAxIzAhBgNVBAMTGkdvb2ds\nZSBDbG91ZCBTUUwgU2VydmVyIENBMRQwEgYDVQQKEwtHb29nbGUsIEluYzELMAkG\nA1UEBhMCVVMwHhcNMjMwMjE1MjE1MDU4WhcNMzMwMjEyMjE1MTU4WjB3MS0wKwYD\nVQQuEyQzYzVkNTIyMi0yOGI4LTRhOWEtOWVhMS1kMDI3YTliYTQyMjAxIzAhBgNV\nBAMTGkdvb2dsZSBDbG91ZCBTUUwgU2VydmVyIENBMRQwEgYDVQQKEwtHb29nbGUs\nIEluYzELMAkGA1UEBhMCVVMwggEiMA0GCSqGSIb3DQEBAQUAA4IBDwAwggEKAoIB\nAQCHzvxVa72VpyIpoIA0FvD2x0TJ+mk5CVRRmbP2LfVf+IYDiQq83poCwRFDjQJv\n9b9w+75AefDDHbydqLycWyn0JOlQhGVSvcwwa/R8+8zowtfAJ0Sly6Zt5TkuI2oI\nCOQPv+L988LUcMix+d0C9EXZV3Xdq8eqNWblD+ua20ZUoiYVFLnz85XIwBE4z2PJ\npUe3oeRbQNwJjF5EAJK3JftQ5DUhB//d0DvmqB1Sqx/0XH9EUsd1OcT/Pe67NYrT\nW4+2SSKcanatdidg8RC6J0lkggJIPYdGMVa879J/qbGhqnFWtq0y0gc3V78tMyCL\nTiMzfezUhuI79UHswTHczfk/AgMBAAGjFjAUMBIGA1UdEwEB/wQIMAYBAf8CAQAw\nDQYJKoZIhvcNAQELBQADggEBAAcRCxwxK+gxh5hm0+flq0dmMF9ea+mUo+b0paDO\n4n/dVkNjT93/9urj43AJAiz1MIbnDb+54UA5RDHRVIGJPv3nDdYp3KUoF+oakwkg\n/gTRxn8Q1A1UF0Yjz0n3sSHC9MlDHPvZITfb4GHO3Q0L6nyBoIhBnAdwn7ydG+2D\nQVcm2eOu+lLrh+shkPDDzGQyTqO48xnMuz34n/ieT+AnlftCJCDxQiUqmBY5QOYr\nniPT2ogpI37os2PzqUudTMRLgBDXg5wCjNJWjJekn2jROuDsqKTUB5MTk/73QKM3\nyyTVfKEfQKPiUaLVSEQqtPmHBgTCSUvls/EyJqCVJRgA46E=\n-----END CERTIFICATE-----",
                "common_name": "C=US,O=Google\\, Inc,CN=Google Cloud SQL Server CA,dnQualifier=3c5d5222-28b8-4a9a-9ea1-d027a9ba4220",
                "create_time": "2023-02-15T21:50:58.961Z",
                "expiration_time": "2033-02-12T21:51:58.961Z",
                "sha1_fingerprint": "40d539c2f8645119124b83532a31e01155468026"
              }
            ],
            "service_account_email_address": "p88903212641-aw6vl0@gcp-sa-cloud-sql.iam.gserviceaccount.com",
            "settings": [
              {
                "activation_policy": "ALWAYS",
                "active_directory_config": [],
                "availability_type": "ZONAL",
                "backup_configuration": [
                  {
                    "backup_retention_settings": [
                      {
                        "retained_backups": 7,
                        "retention_unit": "COUNT"
                      }
                    ],
                    "binary_log_enabled": false,
                    "enabled": false,
                    "location": "",
                    "point_in_time_recovery_enabled": false,
                    "start_time": "13:00",
                    "transaction_log_retention_days": 7
                  }
                ],
                "collation": "",
                "connector_enforcement": "NOT_REQUIRED",
                "database_flags": [],
                "deletion_protection_enabled": false,
                "deny_maintenance_period": [],
                "disk_autoresize": true,
                "disk_autoresize_limit": 0,
                "disk_size": 10,
                "disk_type": "PD_SSD",
                "insights_config": [],
                "ip_configuration": [
                  {
                    "allocated_ip_range": "",
                    "authorized_networks": [],
                    "enable_private_path_for_google_cloud_services": false,
                    "ipv4_enabled": true,
                    "private_network": "",
                    "require_ssl": false
                  }
                ],
                "location_preference": [
                  {
                    "follow_gae_application": "",
                    "secondary_zone": "",
                    "zone": "europe-west1-d"
                  }
                ],
                "maintenance_window": [],
                "password_validation_policy": [],
                "pricing_plan": "PER_USE",
                "sql_server_audit_config": [],
                "tier": "db-f1-micro",
                "time_zone": "",
                "user_labels": {},
                "version": 1
              }
            ],
            "timeouts": null
          },
          "sensitive_attributes": [],
          "private": "eyJlMmJmYjczMC1lY2FhLTExZTYtOGY4OC0zNDM2M2JjN2M0YzAiOnsiY3JlYXRlIjoyNDAwMDAwMDAwMDAwLCJkZWxldGUiOjE4MDAwMDAwMDAwMDAsInVwZGF0ZSI6MTgwMDAwMDAwMDAwMH19"
        }
      ]
    }
  ],
  "check_results": null
}
